{
  "version": 4,
  "terraform_version": "0.14.7",
  "serial": 7,
  "lineage": "4d8e6b64-b9a3-fb92-d022-2b5d0e89a18c",
  "outputs": {},
  "resources": [
    {
      "mode": "managed",
      "type": "azurerm_app_service",
      "name": "cloudskills-as",
      "provider": "provider[\"registry.terraform.io/hashicorp/azurerm\"]",
      "instances": [
        {
          "schema_version": 0,
          "attributes": {
            "app_service_plan_id": "/subscriptions/c1d5a014-c669-44ec-9703-f818bf4561cf/resourceGroups/cloudskillsbootcamp/providers/Microsoft.Web/serverfarms/cloudskillssp93",
            "app_settings": {},
            "auth_settings": [
              {
                "active_directory": [],
                "additional_login_params": {},
                "allowed_external_redirect_urls": [],
                "default_provider": "",
                "enabled": false,
                "facebook": [],
                "google": [],
                "issuer": "",
                "microsoft": [],
                "runtime_version": "",
                "token_refresh_extension_hours": 0,
                "token_store_enabled": false,
                "twitter": [],
                "unauthenticated_client_action": ""
              }
            ],
            "backup": [],
            "client_affinity_enabled": false,
            "client_cert_enabled": false,
            "connection_string": [],
            "custom_domain_verification_id": "84CEC28137A8E790C2C2AC51698156CBD974D833B9BBDE95179175C7B93DC5E4",
            "default_site_hostname": "cloudskillssp93.azurewebsites.net",
            "enabled": true,
            "https_only": false,
            "id": "/subscriptions/c1d5a014-c669-44ec-9703-f818bf4561cf/resourceGroups/cloudskillsbootcamp/providers/Microsoft.Web/sites/cloudskillssp93",
            "identity": [],
            "location": "eastus",
            "logs": [
              {
                "application_logs": [
                  {
                    "azure_blob_storage": [],
                    "file_system_level": "Off"
                  }
                ],
                "detailed_error_messages_enabled": false,
                "failed_request_tracing_enabled": false,
                "http_logs": [
                  {
                    "azure_blob_storage": [],
                    "file_system": []
                  }
                ]
              }
            ],
            "name": "cloudskillssp93",
            "outbound_ip_address_list": [
              "40.76.167.202",
              "52.146.70.44",
              "52.146.70.103",
              "52.146.68.209",
              "52.146.68.246",
              "52.146.69.57",
              "20.49.104.15"
            ],
            "outbound_ip_addresses": "40.76.167.202,52.146.70.44,52.146.70.103,52.146.68.209,52.146.68.246,52.146.69.57,20.49.104.15",
            "possible_outbound_ip_address_list": [
              "40.76.167.202",
              "52.146.70.44",
              "52.146.70.103",
              "52.146.68.209",
              "52.146.68.246",
              "52.146.69.57",
              "52.146.70.115",
              "52.146.70.118",
              "52.146.70.158",
              "52.146.66.148",
              "52.146.71.5",
              "40.76.165.150",
              "40.76.167.156",
              "40.76.167.157",
              "52.146.68.142",
              "52.146.64.68",
              "52.146.65.22",
              "52.146.65.23",
              "20.49.104.15"
            ],
            "possible_outbound_ip_addresses": "40.76.167.202,52.146.70.44,52.146.70.103,52.146.68.209,52.146.68.246,52.146.69.57,52.146.70.115,52.146.70.118,52.146.70.158,52.146.66.148,52.146.71.5,40.76.165.150,40.76.167.156,40.76.167.157,52.146.68.142,52.146.64.68,52.146.65.22,52.146.65.23,20.49.104.15",
            "resource_group_name": "cloudskillsbootcamp",
            "site_config": [
              {
                "always_on": false,
                "app_command_line": "",
                "auto_swap_slot_name": "",
                "cors": [
                  {
                    "allowed_origins": [],
                    "support_credentials": false
                  }
                ],
                "default_documents": null,
                "dotnet_framework_version": "v4.0",
                "ftps_state": "AllAllowed",
                "health_check_path": "",
                "http2_enabled": false,
                "ip_restriction": [],
                "java_container": "",
                "java_container_version": "",
                "java_version": "",
                "linux_fx_version": "NODE|12-lts",
                "local_mysql_enabled": false,
                "managed_pipeline_mode": "Integrated",
                "min_tls_version": "1.2",
                "number_of_workers": 1,
                "php_version": "",
                "python_version": "",
                "remote_debugging_enabled": false,
                "remote_debugging_version": "VS2019",
                "scm_ip_restriction": [],
                "scm_type": "None",
                "scm_use_main_ip_restriction": false,
                "use_32_bit_worker_process": false,
                "websockets_enabled": false,
                "windows_fx_version": ""
              }
            ],
            "site_credential": [
              {
                "password": "vwdhgY3vAvxkz844aystd2o2Zjz4f4Calg8an3Ytb9gL2xqr6ledHSKaoKar",
                "username": "$cloudskillssp93"
              }
            ],
            "source_control": [
              {
                "branch": "master",
                "manual_integration": false,
                "repo_url": "",
                "rollback_enabled": false,
                "use_mercurial": false
              }
            ],
            "storage_account": [],
            "tags": null,
            "timeouts": null
          },
          "sensitive_attributes": [],
          "private": "eyJlMmJmYjczMC1lY2FhLTExZTYtOGY4OC0zNDM2M2JjN2M0YzAiOnsiY3JlYXRlIjoxODAwMDAwMDAwMDAwLCJkZWxldGUiOjE4MDAwMDAwMDAwMDAsInJlYWQiOjMwMDAwMDAwMDAwMCwidXBkYXRlIjoxODAwMDAwMDAwMDAwfX0=",
          "dependencies": [
            "azurerm_app_service_plan.cloudskills-sp"
          ]
        }
      ]
    },
    {
      "mode": "managed",
      "type": "azurerm_app_service_plan",
      "name": "cloudskills-sp",
      "provider": "provider[\"registry.terraform.io/hashicorp/azurerm\"]",
      "instances": [
        {
          "schema_version": 0,
          "attributes": {
            "app_service_environment_id": "",
            "id": "/subscriptions/c1d5a014-c669-44ec-9703-f818bf4561cf/resourceGroups/cloudskillsbootcamp/providers/Microsoft.Web/serverfarms/cloudskillssp93",
            "is_xenon": false,
            "kind": "linux",
            "location": "eastus",
            "maximum_elastic_worker_count": 1,
            "maximum_number_of_workers": 10,
            "name": "cloudskillssp93",
            "per_site_scaling": false,
            "reserved": true,
            "resource_group_name": "cloudskillsbootcamp",
            "sku": [
              {
                "capacity": 1,
                "size": "S1",
                "tier": "Standard"
              }
            ],
            "tags": null,
            "timeouts": null
          },
          "sensitive_attributes": [],
          "private": "eyJlMmJmYjczMC1lY2FhLTExZTYtOGY4OC0zNDM2M2JjN2M0YzAiOnsiY3JlYXRlIjozNjAwMDAwMDAwMDAwLCJkZWxldGUiOjM2MDAwMDAwMDAwMDAsInJlYWQiOjMwMDAwMDAwMDAwMCwidXBkYXRlIjozNjAwMDAwMDAwMDAwfX0="
        }
      ]
    }
  ]
}
